
Microsoft Visual Studio Solution File, Format Version 12.00
# Visual Studio Version 16
VisualStudioVersion = 16.0.31410.357
MinimumVisualStudioVersion = 10.0.40219.1
Project("{9A19103F-16F7-4668-BE54-9A1E7A4F7556}") = "BroadagaSports.API", "BroadagaSports.API\BroadagaSports.API.csproj", "{2F1574E1-96A3-455E-BDFF-DC2D8B39AF79}"
EndProject
Project("{9A19103F-16F7-4668-BE54-9A1E7A4F7556}") = "BroadageSports.Entity", "BroadageSports.Entity\BroadageSports.Entity.csproj", "{BF54162D-DCD7-466C-9B7F-3B5749C0514F}"
EndProject
Project("{9A19103F-16F7-4668-BE54-9A1E7A4F7556}") = "BroadageSports.Data", "BroadageSports.Data\BroadageSports.Data.csproj", "{1492D604-1B00-4C94-A32C-36A36198D843}"
EndProject
Project("{9A19103F-16F7-4668-BE54-9A1E7A4F7556}") = "BroadageSports.Exception", "BroadageSports.Exception\BroadageSports.Exception.csproj", "{DD9FC20E-90B7-4E68-B7F4-1A8117181593}"
EndProject
Global
	GlobalSection(SolutionConfigurationPlatforms) = preSolution
		Debug|Any CPU = Debug|Any CPU
		Release|Any CPU = Release|Any CPU
	EndGlobalSection
	GlobalSection(ProjectConfigurationPlatforms) = postSolution
		{2F1574E1-96A3-455E-BDFF-DC2D8B39AF79}.Debug|Any CPU.ActiveCfg = Debug|Any CPU
		{2F1574E1-96A3-455E-BDFF-DC2D8B39AF79}.Debug|Any CPU.Build.0 = Debug|Any CPU
		{2F1574E1-96A3-455E-BDFF-DC2D8B39AF79}.Release|Any CPU.ActiveCfg = Release|Any CPU
		{2F1574E1-96A3-455E-BDFF-DC2D8B39AF79}.Release|Any CPU.Build.0 = Release|Any CPU
		{BF54162D-DCD7-466C-9B7F-3B5749C0514F}.Debug|Any CPU.ActiveCfg = Debug|Any CPU
		{BF54162D-DCD7-466C-9B7F-3B5749C0514F}.Debug|Any CPU.Build.0 = Debug|Any CPU
		{BF54162D-DCD7-466C-9B7F-3B5749C0514F}.Release|Any CPU.ActiveCfg = Release|Any CPU
		{BF54162D-DCD7-466C-9B7F-3B5749C0514F}.Release|Any CPU.Build.0 = Release|Any CPU
		{1492D604-1B00-4C94-A32C-36A36198D843}.Debug|Any CPU.ActiveCfg = Debug|Any CPU
		{1492D604-1B00-4C94-A32C-36A36198D843}.Debug|Any CPU.Build.0 = Debug|Any CPU
		{1492D604-1B00-4C94-A32C-36A36198D843}.Release|Any CPU.ActiveCfg = Release|Any CPU
		{1492D604-1B00-4C94-A32C-36A36198D843}.Release|Any CPU.Build.0 = Release|Any CPU
		{DD9FC20E-90B7-4E68-B7F4-1A8117181593}.Debug|Any CPU.ActiveCfg = Debug|Any CPU
		{DD9FC20E-90B7-4E68-B7F4-1A8117181593}.Debug|Any CPU.Build.0 = Debug|Any CPU
		{DD9FC20E-90B7-4E68-B7F4-1A8117181593}.Release|Any CPU.ActiveCfg = Release|Any CPU
		{DD9FC20E-90B7-4E68-B7F4-1A8117181593}.Release|Any CPU.Build.0 = Release|Any CPU
	EndGlobalSection
	GlobalSection(SolutionProperties) = preSolution
		HideSolutionNode = FALSE
	EndGlobalSection
	GlobalSection(ExtensibilityGlobals) = postSolution
		SolutionGuid = {169C56DA-5EE0-4F6B-A05F-3C628889FC3E}
	EndGlobalSection
EndGlobal
